
Microsoft Visual Studio Solution File, Format Version 12.00
# Visual Studio Version 17
VisualStudioVersion = 17.1.32328.378
MinimumVisualStudioVersion = 10.0.40219.1
Project("{FAE04EC0-301F-11D3-BF4B-00C04F79EFBC}") = "AaronLuckettFinalProject", "AaronLuckettFinalProject\AaronLuckettFinalProject.csproj", "{027A218D-3357-4AC9-B080-AE77BC103611}"
EndProject
Global
	GlobalSection(SolutionConfigurationPlatforms) = preSolution
		Debug|Any CPU = Debug|Any CPU
		Release|Any CPU = Release|Any CPU
	EndGlobalSection
	GlobalSection(ProjectConfigurationPlatforms) = postSolution
		{027A218D-3357-4AC9-B080-AE77BC103611}.Debug|Any CPU.ActiveCfg = Debug|Any CPU
		{027A218D-3357-4AC9-B080-AE77BC103611}.Debug|Any CPU.Build.0 = Debug|Any CPU
		{027A218D-3357-4AC9-B080-AE77BC103611}.Release|Any CPU.ActiveCfg = Release|Any CPU
		{027A218D-3357-4AC9-B080-AE77BC103611}.Release|Any CPU.Build.0 = Release|Any CPU
	EndGlobalSection
	GlobalSection(SolutionProperties) = preSolution
		HideSolutionNode = FALSE
	EndGlobalSection
	GlobalSection(ExtensibilityGlobals) = postSolution
		SolutionGuid = {20818483-4BA0-4F75-A97F-0CB687C22157}
	EndGlobalSection
EndGlobal
